
Microsoft Visual Studio Solution File, Format Version 12.00
# Visual Studio Version 16
VisualStudioVersion = 16.0.31515.178
MinimumVisualStudioVersion = 10.0.40219.1
Project("{FAE04EC0-301F-11D3-BF4B-00C04F79EFBC}") = "3D_Photo", "3D_Photo\3D_Photo.csproj", "{59B8687C-4BB1-426F-83C2-20596D89AC39}"
EndProject
Project("{54435603-DBB4-11D2-8724-00A0C9A8B90C}") = "3D_Photo_Setup", "3D_Photo_Setup\3D_Photo_Setup.vdproj", "{B3EBD025-9306-4F2E-8584-5E8D53780A69}"
EndProject
Global
	GlobalSection(SolutionConfigurationPlatforms) = preSolution
		Debug|Any CPU = Debug|Any CPU
		Debug|x86 = Debug|x86
		Release|Any CPU = Release|Any CPU
		Release|x86 = Release|x86
	EndGlobalSection
	GlobalSection(ProjectConfigurationPlatforms) = postSolution
		{59B8687C-4BB1-426F-83C2-20596D89AC39}.Debug|Any CPU.ActiveCfg = Release|Any CPU
		{59B8687C-4BB1-426F-83C2-20596D89AC39}.Debug|Any CPU.Build.0 = Release|Any CPU
		{59B8687C-4BB1-426F-83C2-20596D89AC39}.Debug|x86.ActiveCfg = Debug|Any CPU
		{59B8687C-4BB1-426F-83C2-20596D89AC39}.Debug|x86.Build.0 = Debug|Any CPU
		{59B8687C-4BB1-426F-83C2-20596D89AC39}.Release|Any CPU.ActiveCfg = Release|Any CPU
		{59B8687C-4BB1-426F-83C2-20596D89AC39}.Release|Any CPU.Build.0 = Release|Any CPU
		{59B8687C-4BB1-426F-83C2-20596D89AC39}.Release|x86.ActiveCfg = Release|Any CPU
		{59B8687C-4BB1-426F-83C2-20596D89AC39}.Release|x86.Build.0 = Release|Any CPU
		{B3EBD025-9306-4F2E-8584-5E8D53780A69}.Debug|Any CPU.ActiveCfg = Debug
		{B3EBD025-9306-4F2E-8584-5E8D53780A69}.Debug|x86.ActiveCfg = Debug
		{B3EBD025-9306-4F2E-8584-5E8D53780A69}.Release|Any CPU.ActiveCfg = Release
		{B3EBD025-9306-4F2E-8584-5E8D53780A69}.Release|x86.ActiveCfg = Release
	EndGlobalSection
	GlobalSection(SolutionProperties) = preSolution
		HideSolutionNode = FALSE
	EndGlobalSection
	GlobalSection(ExtensibilityGlobals) = postSolution
		SolutionGuid = {37691A99-172A-4459-AF4C-E3F1EFD96DB1}
	EndGlobalSection
EndGlobal
